<?xml version="1.0" encoding="utf-8"?>
<Project ToolsVersion="4.0" xmlns="http://schemas.microsoft.com/developer/msbuild/2003">
  <ItemGroup>
    <Filter Include="Source Files">
      <UniqueIdentifier>{4FC737F1-C7A5-4376-A066-2A32D752A2FF}</UniqueIdentifier>
      <Extensions>cpp;c;cc;cxx;def;odl;idl;hpj;bat;asm;asmx</Extensions>
    </Filter>
    <Filter Include="Header Files">
      <UniqueIdentifier>{93995380-89BD-4b04-88EB-625FBE52EBFB}</UniqueIdentifier>
      <Extensions>h;hh;hpp;hxx;hm;inl;inc;xsd</Extensions>
    </Filter>
    <Filter Include="Resource Files">
      <UniqueIdentifier>{67DA6AB6-F800-4c08-8B7A-83BB121AAD01}</UniqueIdentifier>
      <Extensions>rc;ico;cur;bmp;dlg;rc2;rct;bin;rgs;gif;jpg;jpeg;jpe;resx;tiff;tif;png;wav;mfcribbon-ms</Extensions>
    </Filter>
    <Filter Include="Header Files\thermostats">
      <UniqueIdentifier>{7a19cfb7-e7ce-4d53-9cac-8da0960a6a47}</UniqueIdentifier>
    </Filter>
    <Filter Include="Source Files\thermostats">
      <UniqueIdentifier>{bc2b5061-2fac-438d-bcfc-d35fda504b6a}</UniqueIdentifier>
    </Filter>
    <Filter Include="Source Files\utility">
      <UniqueIdentifier>{63b35555-6df3-479e-bd14-c5e5a7a75680}</UniqueIdentifier>
    </Filter>
    <Filter Include="Header Files\utility">
      <UniqueIdentifier>{52f0dc04-e2bd-41f8-9d4d-54b2616a7119}</UniqueIdentifier>
    </Filter>
    <Filter Include="histo">
      <UniqueIdentifier>{c386e336-1e25-44b9-9316-501799d4464b}</UniqueIdentifier>
    </Filter>
  </ItemGroup>
  <ItemGroup>
    <ClCompile Include="src\Monomer.cpp">
      <Filter>Source Files</Filter>
    </ClCompile>
    <ClCompile Include="src\Polymer.cpp">
      <Filter>Source Files</Filter>
    </ClCompile>
    <ClCompile Include="src\Andersen.cpp">
      <Filter>Source Files\thermostats</Filter>
    </ClCompile>
    <ClCompile Include="src\Gaussian.cpp">
      <Filter>Source Files\thermostats</Filter>
    </ClCompile>
    <ClCompile Include="src\Nose_Hoover.cpp">
      <Filter>Source Files\thermostats</Filter>
    </ClCompile>
    <ClCompile Include="src\Nose_Hoover_Chain.cpp">
      <Filter>Source Files\thermostats</Filter>
    </ClCompile>
    <ClCompile Include="src\Thermostat_None.cpp">
      <Filter>Source Files\thermostats</Filter>
    </ClCompile>
    <ClCompile Include="src\Rand.cpp">
      <Filter>Source Files\utility</Filter>
    </ClCompile>
    <ClCompile Include="src\Lowe_Andersen.cpp">
      <Filter>Source Files\thermostats</Filter>
    </ClCompile>
    <ClCompile Include="src\test_Thermostat.cpp">
      <Filter>Source Files</Filter>
    </ClCompile>
    <ClCompile Include="src\Berendsen.cpp">
      <Filter>Source Files\thermostats</Filter>
    </ClCompile>
    <ClCompile Include="src\Thermostat.cpp">
      <Filter>Source Files\thermostats</Filter>
    </ClCompile>
    <ClCompile Include="src\Functions.cpp">
      <Filter>Source Files\utility</Filter>
    </ClCompile>
    <ClCompile Include="src\Bussi.cpp">
      <Filter>Source Files\thermostats</Filter>
    </ClCompile>
    <ClCompile Include="src\Histo.cpp">
      <Filter>Source Files\utility</Filter>
    </ClCompile>
    <ClCompile Include="src\Stat.cpp">
      <Filter>Source Files\utility</Filter>
    </ClCompile>
  </ItemGroup>
  <ItemGroup>
    <ClInclude Include="src\Monomer.h">
      <Filter>Header Files</Filter>
    </ClInclude>
    <ClInclude Include="src\Polymer.h">
      <Filter>Header Files</Filter>
    </ClInclude>
    <ClInclude Include="src\Andersen.h">
      <Filter>Header Files\thermostats</Filter>
    </ClInclude>
    <ClInclude Include="src\Nose_Hoover.h">
      <Filter>Header Files\thermostats</Filter>
    </ClInclude>
    <ClInclude Include="src\Nose_Hoover_Chain.h">
      <Filter>Header Files\thermostats</Filter>
    </ClInclude>
    <ClInclude Include="src\Thermostat_None.h">
      <Filter>Header Files\thermostats</Filter>
    </ClInclude>
    <ClInclude Include="src\Gaussian.h">
      <Filter>Header Files\thermostats</Filter>
    </ClInclude>
    <ClInclude Include="src\Functions.h">
      <Filter>Header Files\utility</Filter>
    </ClInclude>
    <ClInclude Include="src\Consts.h">
      <Filter>Header Files\utility</Filter>
    </ClInclude>
    <ClInclude Include="src\Rand.h">
      <Filter>Header Files\utility</Filter>
    </ClInclude>
    <ClInclude Include="src\Lowe_Andersen.h">
      <Filter>Header Files\thermostats</Filter>
    </ClInclude>
    <ClInclude Include="src\Thermostat.h">
      <Filter>Header Files\thermostats</Filter>
    </ClInclude>
    <ClInclude Include="src\Berendsen.h">
      <Filter>Header Files\thermostats</Filter>
    </ClInclude>
    <ClInclude Include="src\Bussi.h">
      <Filter>Header Files\thermostats</Filter>
    </ClInclude>
    <ClInclude Include="src\Stat.h">
      <Filter>histo</Filter>
    </ClInclude>
    <ClInclude Include="src\Histo.h">
      <Filter>histo</Filter>
    </ClInclude>
  </ItemGroup>
</Project>